// !$*UTF8*$!
{
	archiveVersion = 1;
	classes = {
	};
	objectVersion = 46;
	objects = {

/* Begin PBXBuildFile section */
		EAB3BD691A32447E002BB5C9 /* AppDelegate.swift in Sources */ = {isa = PBXBuildFile; fileRef = EAB3BD681A32447E002BB5C9 /* AppDelegate.swift */; };
		EAB3BD701A32447E002BB5C9 /* Main.storyboard in Resources */ = {isa = PBXBuildFile; fileRef = EAB3BD6E1A32447E002BB5C9 /* Main.storyboard */; };
		EAB3BD721A32447E002BB5C9 /* Images.xcassets in Resources */ = {isa = PBXBuildFile; fileRef = EAB3BD711A32447E002BB5C9 /* Images.xcassets */; };
		EAB3BD751A32447E002BB5C9 /* LaunchScreen.xib in Resources */ = {isa = PBXBuildFile; fileRef = EAB3BD731A32447E002BB5C9 /* LaunchScreen.xib */; };
		EAB3BD811A32447E002BB5C9 /* IMThemeDemoTests.swift in Sources */ = {isa = PBXBuildFile; fileRef = EAB3BD801A32447E002BB5C9 /* IMThemeDemoTests.swift */; };
		EAB3BD8B1A324495002BB5C9 /* IMTheme.swift in Sources */ = {isa = PBXBuildFile; fileRef = EAB3BD8A1A324495002BB5C9 /* IMTheme.swift */; };
/* End PBXBuildFile section */

/* Begin PBXContainerItemProxy section */
		EAB3BD7B1A32447E002BB5C9 /* PBXContainerItemProxy */ = {
			isa = PBXContainerItemProxy;
			containerPortal = EAB3BD5B1A32447E002BB5C9 /* Project object */;
			proxyType = 1;
			remoteGlobalIDString = EAB3BD621A32447E002BB5C9;
			remoteInfo = IMThemeDemo;
		};
/* End PBXContainerItemProxy section */

/* Begin PBXFileReference section */
		EAB3BD631A32447E002BB5C9 /* IMThemeDemo.app */ = {isa = PBXFileReference; explicitFileType = wrapper.application; includeInIndex = 0; path = IMThemeDemo.app; sourceTree = BUILT_PRODUCTS_DIR; };
		EAB3BD671A32447E002BB5C9 /* Info.plist */ = {isa = PBXFileReference; lastKnownFileType = text.plist.xml; path = Info.plist; sourceTree = "<group>"; };
		EAB3BD681A32447E002BB5C9 /* AppDelegate.swift */ = {isa = PBXFileReference; lastKnownFileType = sourcecode.swift; path = AppDelegate.swift; sourceTree = "<group>"; };
		EAB3BD6F1A32447E002BB5C9 /* Base */ = {isa = PBXFileReference; lastKnownFileType = file.storyboard; name = Base; path = Base.lproj/Main.storyboard; sourceTree = "<group>"; };
		EAB3BD711A32447E002BB5C9 /* Images.xcassets */ = {isa = PBXFileReference; lastKnownFileType = folder.assetcatalog; path = Images.xcassets; sourceTree = "<group>"; };
		EAB3BD741A32447E002BB5C9 /* Base */ = {isa = PBXFileReference; lastKnownFileType = file.xib; name = Base; path = Base.lproj/LaunchScreen.xib; sourceTree = "<group>"; };
		EAB3BD7A1A32447E002BB5C9 /* IMThemeDemoTests.xctest */ = {isa = PBXFileReference; explicitFileType = wrapper.cfbundle; includeInIndex = 0; path = IMThemeDemoTests.xctest; sourceTree = BUILT_PRODUCTS_DIR; };
		EAB3BD7F1A32447E002BB5C9 /* Info.plist */ = {isa = PBXFileReference; lastKnownFileType = text.plist.xml; path = Info.plist; sourceTree = "<group>"; };
		EAB3BD801A32447E002BB5C9 /* IMThemeDemoTests.swift */ = {isa = PBXFileReference; lastKnownFileType = sourcecode.swift; path = IMThemeDemoTests.swift; sourceTree = "<group>"; };
		EAB3BD8A1A324495002BB5C9 /* IMTheme.swift */ = {isa = PBXFileReference; fileEncoding = 4; lastKnownFileType = sourcecode.swift; path = IMTheme.swift; sourceTree = "<group>"; };
/* End PBXFileReference section */

/* Begin PBXFrameworksBuildPhase section */
		EAB3BD601A32447E002BB5C9 /* Frameworks */ = {
			isa = PBXFrameworksBuildPhase;
			buildActionMask = 2147483647;
			files = (
			);
			runOnlyForDeploymentPostprocessing = 0;
		};
		EAB3BD771A32447E002BB5C9 /* Frameworks */ = {
			isa = PBXFrameworksBuildPhase;
			buildActionMask = 2147483647;
			files = (
			);
			runOnlyForDeploymentPostprocessing = 0;
		};
/* End PBXFrameworksBuildPhase section */

/* Begin PBXGroup section */
		EAB3BD5A1A32447E002BB5C9 = {
			isa = PBXGroup;
			children = (
				EAB3BD651A32447E002BB5C9 /* IMThemeDemo */,
				EAB3BD7D1A32447E002BB5C9 /* IMThemeDemoTests */,
				EAB3BD641A32447E002BB5C9 /* Products */,
			);
			sourceTree = "<group>";
		};
		EAB3BD641A32447E002BB5C9 /* Products */ = {
			isa = PBXGroup;
			children = (
				EAB3BD631A32447E002BB5C9 /* IMThemeDemo.app */,
				EAB3BD7A1A32447E002BB5C9 /* IMThemeDemoTests.xctest */,
			);
			name = Products;
			sourceTree = "<group>";
		};
		EAB3BD651A32447E002BB5C9 /* IMThemeDemo */ = {
			isa = PBXGroup;
			children = (
				EAB3BD8A1A324495002BB5C9 /* IMTheme.swift */,
				EAB3BD681A32447E002BB5C9 /* AppDelegate.swift */,
				EAB3BD6E1A32447E002BB5C9 /* Main.storyboard */,
				EAB3BD711A32447E002BB5C9 /* Images.xcassets */,
				EAB3BD731A32447E002BB5C9 /* LaunchScreen.xib */,
				EAB3BD661A32447E002BB5C9 /* Supporting Files */,
			);
			path = IMThemeDemo;
			sourceTree = "<group>";
		};
		EAB3BD661A32447E002BB5C9 /* Supporting Files */ = {
			isa = PBXGroup;
			children = (
				EAB3BD671A32447E002BB5C9 /* Info.plist */,
			);
			name = "Supporting Files";
			sourceTree = "<group>";
		};
		EAB3BD7D1A32447E002BB5C9 /* IMThemeDemoTests */ = {
			isa = PBXGroup;
			children = (
				EAB3BD801A32447E002BB5C9 /* IMThemeDemoTests.swift */,
				EAB3BD7E1A32447E002BB5C9 /* Supporting Files */,
			);
			path = IMThemeDemoTests;
			sourceTree = "<group>";
		};
		EAB3BD7E1A32447E002BB5C9 /* Supporting Files */ = {
			isa = PBXGroup;
			children = (
				EAB3BD7F1A32447E002BB5C9 /* Info.plist */,
			);
			name = "Supporting Files";
			sourceTree = "<group>";
		};
/* End PBXGroup section */

/* Begin PBXNativeTarget section */
		EAB3BD621A32447E002BB5C9 /* IMThemeDemo */ = {
			isa = PBXNativeTarget;
			buildConfigurationList = EAB3BD841A32447E002BB5C9 /* Build configuration list for PBXNativeTarget "IMThemeDemo" */;
			buildPhases = (
				EAB3BD5F1A32447E002BB5C9 /* Sources */,
				EAB3BD601A32447E002BB5C9 /* Frameworks */,
				EAB3BD611A32447E002BB5C9 /* Resources */,
			);
			buildRules = (
			);
			dependencies = (
			);
			name = IMThemeDemo;
			productName = IMThemeDemo;
			productReference = EAB3BD631A32447E002BB5C9 /* IMThemeDemo.app */;
			productType = "com.apple.product-type.application";
		};
		EAB3BD791A32447E002BB5C9 /* IMThemeDemoTests */ = {
			isa = PBXNativeTarget;
			buildConfigurationList = EAB3BD871A32447E002BB5C9 /* Build configuration list for PBXNativeTarget "IMThemeDemoTests" */;
			buildPhases = (
				EAB3BD761A32447E002BB5C9 /* Sources */,
				EAB3BD771A32447E002BB5C9 /* Frameworks */,
				EAB3BD781A32447E002BB5C9 /* Resources */,
			);
			buildRules = (
			);
			dependencies = (
				EAB3BD7C1A32447E002BB5C9 /* PBXTargetDependency */,
			);
			name = IMThemeDemoTests;
			productName = IMThemeDemoTests;
			productReference = EAB3BD7A1A32447E002BB5C9 /* IMThemeDemoTests.xctest */;
			productType = "com.apple.product-type.bundle.unit-test";
		};
/* End PBXNativeTarget section */

/* Begin PBXProject section */
		EAB3BD5B1A32447E002BB5C9 /* Project object */ = {
			isa = PBXProject;
			attributes = {
				LastUpgradeCheck = 0610;
				ORGANIZATIONNAME = MacCDevTeam;
				TargetAttributes = {
					EAB3BD621A32447E002BB5C9 = {
						CreatedOnToolsVersion = 6.1.1;
					};
					EAB3BD791A32447E002BB5C9 = {
						CreatedOnToolsVersion = 6.1.1;
						TestTargetID = EAB3BD621A32447E002BB5C9;
					};
				};
			};
			buildConfigurationList = EAB3BD5E1A32447E002BB5C9 /* Build configuration list for PBXProject "IMThemeDemo" */;
			compatibilityVersion = "Xcode 3.2";
			developmentRegion = English;
			hasScannedForEncodings = 0;
			knownRegions = (
				en,
				Base,
			);
			mainGroup = EAB3BD5A1A32447E002BB5C9;
			productRefGroup = EAB3BD641A32447E002BB5C9 /* Products */;
			projectDirPath = "";
			projectRoot = "";
			targets = (
				EAB3BD621A32447E002BB5C9 /* IMThemeDemo */,
				EAB3BD791A32447E002BB5C9 /* IMThemeDemoTests */,
			);
		};
/* End PBXProject section */

/* Begin PBXResourcesBuildPhase section */
		EAB3BD611A32447E002BB5C9 /* Resources */ = {
			isa = PBXResourcesBuildPhase;
			buildActionMask = 2147483647;
			files = (
				EAB3BD701A32447E002BB5C9 /* Main.storyboard in Resources */,
				EAB3BD751A32447E002BB5C9 /* LaunchScreen.xib in Resources */,
				EAB3BD721A32447E002BB5C9 /* Images.xcassets in Resources */,
			);
			runOnlyForDeploymentPostprocessing = 0;
		};
		EAB3BD781A32447E002BB5C9 /* Resources */ = {
			isa = PBXResourcesBuildPhase;
			buildActionMask = 2147483647;
			files = (
			);
			runOnlyForDeploymentPostprocessing = 0;
		};
/* End PBXResourcesBuildPhase section */

/* Begin PBXSourcesBuildPhase section */
		EAB3BD5F1A32447E002BB5C9 /* Sources */ = {
			isa = PBXSourcesBuildPhase;
			buildActionMask = 2147483647;
			files = (
				EAB3BD691A32447E002BB5C9 /* AppDelegate.swift in Sources */,
				EAB3BD8B1A324495002BB5C9 /* IMTheme.swift in Sources */,
			);
			runOnlyForDeploymentPostprocessing = 0;
		};
		EAB3BD761A32447E002BB5C9 /* Sources */ = {
			isa = PBXSourcesBuildPhase;
			buildActionMask = 2147483647;
			files = (
				EAB3BD811A32447E002BB5C9 /* IMThemeDemoTests.swift in Sources */,
			);
			runOnlyForDeploymentPostprocessing = 0;
		};
/* End PBXSourcesBuildPhase section */

/* Begin PBXTargetDependency section */
		EAB3BD7C1A32447E002BB5C9 /* PBXTargetDependency */ = {
			isa = PBXTargetDependency;
			target = EAB3BD621A32447E002BB5C9 /* IMThemeDemo */;
			targetProxy = EAB3BD7B1A32447E002BB5C9 /* PBXContainerItemProxy */;
		};
/* End PBXTargetDependency section */

/* Begin PBXVariantGroup section */
		EAB3BD6E1A32447E002BB5C9 /* Main.storyboard */ = {
			isa = PBXVariantGroup;
			children = (
				EAB3BD6F1A32447E002BB5C9 /* Base */,
			);
			name = Main.storyboard;
			sourceTree = "<group>";
		};
		EAB3BD731A32447E002BB5C9 /* LaunchScreen.xib */ = {
			isa = PBXVariantGroup;
			children = (
				EAB3BD741A32447E002BB5C9 /* Base */,
			);
			name = LaunchScreen.xib;
			sourceTree = "<group>";
		};
/* End PBXVariantGroup section */

/* Begin XCBuildConfiguration section */
		EAB3BD821A32447E002BB5C9 /* Debug */ = {
			isa = XCBuildConfiguration;
			buildSettings = {
				ALWAYS_SEARCH_USER_PATHS = NO;
				CLANG_CXX_LANGUAGE_STANDARD = "gnu++0x";
				CLANG_CXX_LIBRARY = "libc++";
				CLANG_ENABLE_MODULES = YES;
				CLANG_ENABLE_OBJC_ARC = YES;
				CLANG_WARN_BOOL_CONVERSION = YES;
				CLANG_WARN_CONSTANT_CONVERSION = YES;
				CLANG_WARN_DIRECT_OBJC_ISA_USAGE = YES_ERROR;
				CLANG_WARN_EMPTY_BODY = YES;
				CLANG_WARN_ENUM_CONVERSION = YES;
				CLANG_WARN_INT_CONVERSION = YES;
				CLANG_WARN_OBJC_ROOT_CLASS = YES_ERROR;
				CLANG_WARN_UNREACHABLE_CODE = YES;
				CLANG_WARN__DUPLICATE_METHOD_MATCH = YES;
				"CODE_SIGN_IDENTITY[sdk=iphoneos*]" = "iPhone Developer";
				COPY_PHASE_STRIP = NO;
				ENABLE_STRICT_OBJC_MSGSEND = YES;
				GCC_C_LANGUAGE_STANDARD = gnu99;
				GCC_DYNAMIC_NO_PIC = NO;
				GCC_OPTIMIZATION_LEVEL = 0;
				GCC_PREPROCESSOR_DEFINITIONS = (
					"DEBUG=1",
					"$(inherited)",
				);
				GCC_SYMBOLS_PRIVATE_EXTERN = NO;
				GCC_WARN_64_TO_32_BIT_CONVERSION = YES;
				GCC_WARN_ABOUT_RETURN_TYPE = YES_ERROR;
				GCC_WARN_UNDECLARED_SELECTOR = YES;
				GCC_WARN_UNINITIALIZED_AUTOS = YES_AGGRESSIVE;
				GCC_WARN_UNUSED_FUNCTION = YES;
				GCC_WARN_UNUSED_VARIABLE = YES;
				IPHONEOS_DEPLOYMENT_TARGET = 8.1;
				MTL_ENABLE_DEBUG_INFO = YES;
				ONLY_ACTIVE_ARCH = YES;
				SDKROOT = iphoneos;
				SWIFT_OPTIMIZATION_LEVEL = "-Onone";
				TARGETED_DEVICE_FAMILY = "1,2";
			};
			name = Debug;
		};
		EAB3BD831A32447E002BB5C9 /* Release */ = {
			isa = XCBuildConfiguration;
			buildSettings = {
				ALWAYS_SEARCH_USER_PATHS = NO;
				CLANG_CXX_LANGUAGE_STANDARD = "gnu++0x";
				CLANG_CXX_LIBRARY = "libc++";
				CLANG_ENABLE_MODULES = YES;
				CLANG_ENABLE_OBJC_ARC = YES;
				CLANG_WARN_BOOL_CONVERSION = YES;
				CLANG_WARN_CONSTANT_CONVERSION = YES;
				CLANG_WARN_DIRECT_OBJC_ISA_USAGE = YES_ERROR;
				CLANG_WARN_EMPTY_BODY = YES;
				CLANG_WARN_ENUM_CONVERSION = YES;
				CLANG_WARN_INT_CONVERSION = YES;
				CLANG_WARN_OBJC_ROOT_CLASS = YES_ERROR;
				CLANG_WARN_UNREACHABLE_CODE = YES;
				CLANG_WARN__DUPLICATE_METHOD_MATCH = YES;
				"CODE_SIGN_IDENTITY[sdk=iphoneos*]" = "iPhone Developer";
				COPY_PHASE_STRIP = YES;
				ENABLE_NS_ASSERTIONS = NO;
				ENABLE_STRICT_OBJC_MSGSEND = YES;
				GCC_C_LANGUAGE_STANDARD = gnu99;
				GCC_WARN_64_TO_32_BIT_CONVERSION = YES;
				GCC_WARN_ABOUT_RETURN_TYPE = YES_ERROR;
				GCC_WARN_UNDECLARED_SELECTOR = YES;
				GCC_WARN_UNINITIALIZED_AUTOS = YES_AGGRESSIVE;
				GCC_WARN_UNUSED_FUNCTION = YES;
				GCC_WARN_UNUSED_VARIABLE = YES;
				IPHONEOS_DEPLOYMENT_TARGET = 8.1;
				MTL_ENABLE_DEBUG_INFO = NO;
				SDKROOT = iphoneos;
				TARGETED_DEVICE_FAMILY = "1,2";
				VALIDATE_PRODUCT = YES;
			};
			name = Release;
		};
		EAB3BD851A32447E002BB5C9 /* Debug */ = {
			isa = XCBuildConfiguration;
			buildSettings = {
				ASSETCATALOG_COMPILER_APPICON_NAME = AppIcon;
				INFOPLIST_FILE = IMThemeDemo/Info.plist;
				IPHONEOS_DEPLOYMENT_TARGET = 7.0;
				LD_RUNPATH_SEARCH_PATHS = "$(inherited) @executable_path/Frameworks";
				PRODUCT_NAME = "$(TARGET_NAME)";
			};
			name = Debug;
		};
		EAB3BD861A32447E002BB5C9 /* Release */ = {
			isa = XCBuildConfiguration;
			buildSettings = {
				ASSETCATALOG_COMPILER_APPICON_NAME = AppIcon;
				INFOPLIST_FILE = IMThemeDemo/Info.plist;
				IPHONEOS_DEPLOYMENT_TARGET = 7.0;
				LD_RUNPATH_SEARCH_PATHS = "$(inherited) @executable_path/Frameworks";
				PRODUCT_NAME = "$(TARGET_NAME)";
			};
			name = Release;
		};
		EAB3BD881A32447E002BB5C9 /* Debug */ = {
			isa = XCBuildConfiguration;
			buildSettings = {
				BUNDLE_LOADER = "$(TEST_HOST)";
				FRAMEWORK_SEARCH_PATHS = (
					"$(SDKROOT)/Developer/Library/Frameworks",
					"$(inherited)",
				);
				GCC_PREPROCESSOR_DEFINITIONS = (
					"DEBUG=1",
					"$(inherited)",
				);
				INFOPLIST_FILE = IMThemeDemoTests/Info.plist;
				LD_RUNPATH_SEARCH_PATHS = "$(inherited) @executable_path/Frameworks @loader_path/Frameworks";
				PRODUCT_NAME = "$(TARGET_NAME)";
				TEST_HOST = "$(BUILT_PRODUCTS_DIR)/IMThemeDemo.app/IMThemeDemo";
			};
			name = Debug;
		};
		EAB3BD891A32447E002BB5C9 /* Release */ = {
			isa = XCBuildConfiguration;
			buildSettings = {
				BUNDLE_LOADER = "$(TEST_HOST)";
				FRAMEWORK_SEARCH_PATHS = (
					"$(SDKROOT)/Developer/Library/Frameworks",
					"$(inherited)",
				);
				INFOPLIST_FILE = IMThemeDemoTests/Info.plist;
				LD_RUNPATH_SEARCH_PATHS = "$(inherited) @executable_path/Frameworks @loader_path/Frameworks";
				PRODUCT_NAME = "$(TARGET_NAME)";
				TEST_HOST = "$(BUILT_PRODUCTS_DIR)/IMThemeDemo.app/IMThemeDemo";
			};
			name = Release;
		};
/* End XCBuildConfiguration section */

/* Begin XCConfigurationList section */
		EAB3BD5E1A32447E002BB5C9 /* Build configuration list for PBXProject "IMThemeDemo" */ = {
			isa = XCConfigurationList;
			buildConfigurations = (
				EAB3BD821A32447E002BB5C9 /* Debug */,
				EAB3BD831A32447E002BB5C9 /* Release */,
			);
			defaultConfigurationIsVisible = 0;
			defaultConfigurationName = Release;
		};
		EAB3BD841A32447E002BB5C9 /* Build configuration list for PBXNativeTarget "IMThemeDemo" */ = {
			isa = XCConfigurationList;
			buildConfigurations = (
				EAB3BD851A32447E002BB5C9 /* Debug */,
				EAB3BD861A32447E002BB5C9 /* Release */,
			);
			defaultConfigurationIsVisible = 0;
			defaultConfigurationName = Release;
		};
		EAB3BD871A32447E002BB5C9 /* Build configuration list for PBXNativeTarget "IMThemeDemoTests" */ = {
			isa = XCConfigurationList;
			buildConfigurations = (
				EAB3BD881A32447E002BB5C9 /* Debug */,
				EAB3BD891A32447E002BB5C9 /* Release */,
			);
			defaultConfigurationIsVisible = 0;
			defaultConfigurationName = Release;
		};
/* End XCConfigurationList section */
	};
	rootObject = EAB3BD5B1A32447E002BB5C9 /* Project object */;
}
